// !$*UTF8*$!
{
	archiveVersion = 1;
	classes = {
	};
	objectVersion = 50;
	objects = {

/* Begin PBXBuildFile section */
		3D2FCD2822A8542B00ACA7C3 /* sehirler.txt in Resources */ = {isa = PBXBuildFile; fileRef = 3D2FCD2722A8542B00ACA7C3 /* sehirler.txt */; };
		3D2FCD2A22A854B900ACA7C3 /* izmirGezilecekYerler.txt in Resources */ = {isa = PBXBuildFile; fileRef = 3D2FCD2922A854B900ACA7C3 /* izmirGezilecekYerler.txt */; };
		3D2FCD2C22A8566E00ACA7C3 /* aciklamalar.txt in Resources */ = {isa = PBXBuildFile; fileRef = 3D2FCD2B22A8566E00ACA7C3 /* aciklamalar.txt */; };
		3D2FCD3422A8610D00ACA7C3 /* topBanner.png in Resources */ = {isa = PBXBuildFile; fileRef = 3D2FCD3322A8610D00ACA7C3 /* topBanner.png */; };
		3D2FCD3622A8632C00ACA7C3 /* bottomBanner.png in Resources */ = {isa = PBXBuildFile; fileRef = 3D2FCD3522A8632C00ACA7C3 /* bottomBanner.png */; };
		3D5E403622A58AEB0005CAA6 /* AppDelegate.swift in Sources */ = {isa = PBXBuildFile; fileRef = 3D5E403522A58AEB0005CAA6 /* AppDelegate.swift */; };
		3D5E403822A58AEB0005CAA6 /* ViewController.swift in Sources */ = {isa = PBXBuildFile; fileRef = 3D5E403722A58AEB0005CAA6 /* ViewController.swift */; };
		3D5E403B22A58AEB0005CAA6 /* Main.storyboard in Resources */ = {isa = PBXBuildFile; fileRef = 3D5E403922A58AEB0005CAA6 /* Main.storyboard */; };
		3D5E403D22A58AED0005CAA6 /* Assets.xcassets in Resources */ = {isa = PBXBuildFile; fileRef = 3D5E403C22A58AED0005CAA6 /* Assets.xcassets */; };
		3D5E404022A58AED0005CAA6 /* LaunchScreen.storyboard in Resources */ = {isa = PBXBuildFile; fileRef = 3D5E403E22A58AED0005CAA6 /* LaunchScreen.storyboard */; };
		3D5E404822A58E4F0005CAA6 /* GezilecekYerlerViewController.swift in Sources */ = {isa = PBXBuildFile; fileRef = 3D5E404722A58E4F0005CAA6 /* GezilecekYerlerViewController.swift */; };
		3DA045D422AC89D500BC2E7F /* VCTableViewCell.swift in Sources */ = {isa = PBXBuildFile; fileRef = 3DA045D322AC89D500BC2E7F /* VCTableViewCell.swift */; };
		3DA045D622AC8BD400BC2E7F /* izmir-buyuksehir-belediyesi-vector-logo-small.png in Resources */ = {isa = PBXBuildFile; fileRef = 3DA045D522AC8BD400BC2E7F /* izmir-buyuksehir-belediyesi-vector-logo-small.png */; };
		3DA045D822AC8F8000BC2E7F /* ist.jpg in Resources */ = {isa = PBXBuildFile; fileRef = 3DA045D722AC8F8000BC2E7F /* ist.jpg */; };
		3DA045DA22AC8FA800BC2E7F /* ank.jpg in Resources */ = {isa = PBXBuildFile; fileRef = 3DA045D922AC8FA800BC2E7F /* ank.jpg */; };
		3DBEAB5522AEE0430092BE1A /* swipeFav.png in Resources */ = {isa = PBXBuildFile; fileRef = 3DBEAB5422AEE0420092BE1A /* swipeFav.png */; };
		3DBEAB5722AF05230092BE1A /* crop-circle.png in Resources */ = {isa = PBXBuildFile; fileRef = 3DBEAB5622AF05220092BE1A /* crop-circle.png */; };
		3DBEAB5B22AF0DC80092BE1A /* arrow.png in Resources */ = {isa = PBXBuildFile; fileRef = 3DBEAB5A22AF0DC70092BE1A /* arrow.png */; };
		3DBF546422A7F90300C3E4C3 /* ayasofya.jpg in Resources */ = {isa = PBXBuildFile; fileRef = 3DBF546322A7F90300C3E4C3 /* ayasofya.jpg */; };
		3DBF546622A7F93F00C3E4C3 /* sultanahmet.jpg in Resources */ = {isa = PBXBuildFile; fileRef = 3DBF546522A7F93F00C3E4C3 /* sultanahmet.jpg */; };
		3DBF546822A7F97F00C3E4C3 /* topkapi.jpg in Resources */ = {isa = PBXBuildFile; fileRef = 3DBF546722A7F97F00C3E4C3 /* topkapi.jpg */; };
		3DBF546A22A7FA4300C3E4C3 /* alsancak.jpg in Resources */ = {isa = PBXBuildFile; fileRef = 3DBF546922A7FA4300C3E4C3 /* alsancak.jpg */; };
		3DBF546E22A7FA8700C3E4C3 /* konak.jpg in Resources */ = {isa = PBXBuildFile; fileRef = 3DBF546D22A7FA8700C3E4C3 /* konak.jpg */; };
		3DBF547022A7FF0500C3E4C3 /* kemeralti.jpg in Resources */ = {isa = PBXBuildFile; fileRef = 3DBF546F22A7FF0500C3E4C3 /* kemeralti.jpg */; };
		3DE6B73A22A5ECE500ED1807 /* tanitimViewController.swift in Sources */ = {isa = PBXBuildFile; fileRef = 3DE6B73922A5ECE500ED1807 /* tanitimViewController.swift */; };
		C22743752428FB1F001B3CAD /* GoogleService-Info.plist in Resources */ = {isa = PBXBuildFile; fileRef = C22743742428FB1F001B3CAD /* GoogleService-Info.plist */; };
		FD6BC1955640C6901D8F488B /* Pods_gezilecekYerler.framework in Frameworks */ = {isa = PBXBuildFile; fileRef = 242A71FACEFF13522C4FE4C9 /* Pods_gezilecekYerler.framework */; };
/* End PBXBuildFile section */

/* Begin PBXFileReference section */
		242A71FACEFF13522C4FE4C9 /* Pods_gezilecekYerler.framework */ = {isa = PBXFileReference; explicitFileType = wrapper.framework; includeInIndex = 0; path = Pods_gezilecekYerler.framework; sourceTree = BUILT_PRODUCTS_DIR; };
		3D2FCD2722A8542B00ACA7C3 /* sehirler.txt */ = {isa = PBXFileReference; lastKnownFileType = text; path = sehirler.txt; sourceTree = "<group>"; };
		3D2FCD2922A854B900ACA7C3 /* izmirGezilecekYerler.txt */ = {isa = PBXFileReference; lastKnownFileType = text; path = izmirGezilecekYerler.txt; sourceTree = "<group>"; };
		3D2FCD2B22A8566E00ACA7C3 /* aciklamalar.txt */ = {isa = PBXFileReference; lastKnownFileType = text; path = aciklamalar.txt; sourceTree = "<group>"; };
		3D2FCD3322A8610D00ACA7C3 /* topBanner.png */ = {isa = PBXFileReference; lastKnownFileType = image.png; path = topBanner.png; sourceTree = "<group>"; };
		3D2FCD3522A8632C00ACA7C3 /* bottomBanner.png */ = {isa = PBXFileReference; lastKnownFileType = image.png; path = bottomBanner.png; sourceTree = "<group>"; };
		3D5E403222A58AEB0005CAA6 /* gezilecekYerler.app */ = {isa = PBXFileReference; explicitFileType = wrapper.application; includeInIndex = 0; path = gezilecekYerler.app; sourceTree = BUILT_PRODUCTS_DIR; };
		3D5E403522A58AEB0005CAA6 /* AppDelegate.swift */ = {isa = PBXFileReference; lastKnownFileType = sourcecode.swift; path = AppDelegate.swift; sourceTree = "<group>"; };
		3D5E403722A58AEB0005CAA6 /* ViewController.swift */ = {isa = PBXFileReference; lastKnownFileType = sourcecode.swift; path = ViewController.swift; sourceTree = "<group>"; };
		3D5E403A22A58AEB0005CAA6 /* Base */ = {isa = PBXFileReference; lastKnownFileType = file.storyboard; name = Base; path = Base.lproj/Main.storyboard; sourceTree = "<group>"; };
		3D5E403C22A58AED0005CAA6 /* Assets.xcassets */ = {isa = PBXFileReference; lastKnownFileType = folder.assetcatalog; path = Assets.xcassets; sourceTree = "<group>"; };
		3D5E403F22A58AED0005CAA6 /* Base */ = {isa = PBXFileReference; lastKnownFileType = file.storyboard; name = Base; path = Base.lproj/LaunchScreen.storyboard; sourceTree = "<group>"; };
		3D5E404122A58AED0005CAA6 /* Info.plist */ = {isa = PBXFileReference; lastKnownFileType = text.plist.xml; path = Info.plist; sourceTree = "<group>"; };
		3D5E404722A58E4F0005CAA6 /* GezilecekYerlerViewController.swift */ = {isa = PBXFileReference; lastKnownFileType = sourcecode.swift; path = GezilecekYerlerViewController.swift; sourceTree = "<group>"; };
		3DA045D322AC89D500BC2E7F /* VCTableViewCell.swift */ = {isa = PBXFileReference; lastKnownFileType = sourcecode.swift; path = VCTableViewCell.swift; sourceTree = "<group>"; };
		3DA045D522AC8BD400BC2E7F /* izmir-buyuksehir-belediyesi-vector-logo-small.png */ = {isa = PBXFileReference; lastKnownFileType = image.png; path = "izmir-buyuksehir-belediyesi-vector-logo-small.png"; sourceTree = "<group>"; };
		3DA045D722AC8F8000BC2E7F /* ist.jpg */ = {isa = PBXFileReference; lastKnownFileType = image.jpeg; path = ist.jpg; sourceTree = "<group>"; };
		3DA045D922AC8FA800BC2E7F /* ank.jpg */ = {isa = PBXFileReference; lastKnownFileType = image.jpeg; path = ank.jpg; sourceTree = "<group>"; };
		3DBEAB5422AEE0420092BE1A /* swipeFav.png */ = {isa = PBXFileReference; lastKnownFileType = image.png; path = swipeFav.png; sourceTree = "<group>"; };
		3DBEAB5622AF05220092BE1A /* crop-circle.png */ = {isa = PBXFileReference; lastKnownFileType = image.png; path = "crop-circle.png"; sourceTree = "<group>"; };
		3DBEAB5A22AF0DC70092BE1A /* arrow.png */ = {isa = PBXFileReference; lastKnownFileType = image.png; path = arrow.png; sourceTree = "<group>"; };
		3DBF546322A7F90300C3E4C3 /* ayasofya.jpg */ = {isa = PBXFileReference; lastKnownFileType = image.jpeg; path = ayasofya.jpg; sourceTree = "<group>"; };
		3DBF546522A7F93F00C3E4C3 /* sultanahmet.jpg */ = {isa = PBXFileReference; lastKnownFileType = image.jpeg; path = sultanahmet.jpg; sourceTree = "<group>"; };
		3DBF546722A7F97F00C3E4C3 /* topkapi.jpg */ = {isa = PBXFileReference; lastKnownFileType = image.jpeg; path = topkapi.jpg; sourceTree = "<group>"; };
		3DBF546922A7FA4300C3E4C3 /* alsancak.jpg */ = {isa = PBXFileReference; lastKnownFileType = image.jpeg; path = alsancak.jpg; sourceTree = "<group>"; };
		3DBF546D22A7FA8700C3E4C3 /* konak.jpg */ = {isa = PBXFileReference; lastKnownFileType = image.jpeg; path = konak.jpg; sourceTree = "<group>"; };
		3DBF546F22A7FF0500C3E4C3 /* kemeralti.jpg */ = {isa = PBXFileReference; lastKnownFileType = image.jpeg; path = kemeralti.jpg; sourceTree = "<group>"; };
		3DE6B73922A5ECE500ED1807 /* tanitimViewController.swift */ = {isa = PBXFileReference; lastKnownFileType = sourcecode.swift; path = tanitimViewController.swift; sourceTree = "<group>"; };
		9B10132A3BDC3EB694934FFD /* Pods-gezilecekYerler.debug.xcconfig */ = {isa = PBXFileReference; includeInIndex = 1; lastKnownFileType = text.xcconfig; name = "Pods-gezilecekYerler.debug.xcconfig"; path = "Target Support Files/Pods-gezilecekYerler/Pods-gezilecekYerler.debug.xcconfig"; sourceTree = "<group>"; };
		B3AE6C63403B07C404344221 /* Pods-gezilecekYerler.release.xcconfig */ = {isa = PBXFileReference; includeInIndex = 1; lastKnownFileType = text.xcconfig; name = "Pods-gezilecekYerler.release.xcconfig"; path = "Target Support Files/Pods-gezilecekYerler/Pods-gezilecekYerler.release.xcconfig"; sourceTree = "<group>"; };
		C22743742428FB1F001B3CAD /* GoogleService-Info.plist */ = {isa = PBXFileReference; fileEncoding = 4; lastKnownFileType = text.plist.xml; path = "GoogleService-Info.plist"; sourceTree = "<group>"; };
/* End PBXFileReference section */

/* Begin PBXFrameworksBuildPhase section */
		3D5E402F22A58AEB0005CAA6 /* Frameworks */ = {
			isa = PBXFrameworksBuildPhase;
			buildActionMask = 2147483647;
			files = (
				FD6BC1955640C6901D8F488B /* Pods_gezilecekYerler.framework in Frameworks */,
			);
			runOnlyForDeploymentPostprocessing = 0;
		};
/* End PBXFrameworksBuildPhase section */

/* Begin PBXGroup section */
		3D2FCD2E22A857AF00ACA7C3 /* Fotolar */ = {
			isa = PBXGroup;
			children = (
				3DBF546722A7F97F00C3E4C3 /* topkapi.jpg */,
				3DBF546522A7F93F00C3E4C3 /* sultanahmet.jpg */,
				3DBF546922A7FA4300C3E4C3 /* alsancak.jpg */,
				3DBF546322A7F90300C3E4C3 /* ayasofya.jpg */,
				3DBF546D22A7FA8700C3E4C3 /* konak.jpg */,
				3DBF546F22A7FF0500C3E4C3 /* kemeralti.jpg */,
			);
			path = Fotolar;
			sourceTree = "<group>";
		};
		3D5E402922A58AEB0005CAA6 = {
			isa = PBXGroup;
			children = (
				3D5E403422A58AEB0005CAA6 /* gezilecekYerler */,
				3D5E403322A58AEB0005CAA6 /* Products */,
				9AEA6DEA3F5E8FF734094AB1 /* Pods */,
				4F4D5B1624BCA6BD3738B30D /* Frameworks */,
			);
			sourceTree = "<group>";
		};
		3D5E403322A58AEB0005CAA6 /* Products */ = {
			isa = PBXGroup;
			children = (
				3D5E403222A58AEB0005CAA6 /* gezilecekYerler.app */,
			);
			name = Products;
			sourceTree = "<group>";
		};
		3D5E403422A58AEB0005CAA6 /* gezilecekYerler */ = {
			isa = PBXGroup;
			children = (
				3D2FCD2E22A857AF00ACA7C3 /* Fotolar */,
				3D5E403522A58AEB0005CAA6 /* AppDelegate.swift */,
				3D5E403722A58AEB0005CAA6 /* ViewController.swift */,
				3D2FCD3522A8632C00ACA7C3 /* bottomBanner.png */,
				3D2FCD3322A8610D00ACA7C3 /* topBanner.png */,
				3D5E403922A58AEB0005CAA6 /* Main.storyboard */,
				3D5E403C22A58AED0005CAA6 /* Assets.xcassets */,
				3DBEAB5422AEE0420092BE1A /* swipeFav.png */,
				3D5E403E22A58AED0005CAA6 /* LaunchScreen.storyboard */,
				3D5E404722A58E4F0005CAA6 /* GezilecekYerlerViewController.swift */,
				3DE6B73922A5ECE500ED1807 /* tanitimViewController.swift */,
				3D2FCD2722A8542B00ACA7C3 /* sehirler.txt */,
				3D2FCD2922A854B900ACA7C3 /* izmirGezilecekYerler.txt */,
				3D5E404122A58AED0005CAA6 /* Info.plist */,
				3D2FCD2B22A8566E00ACA7C3 /* aciklamalar.txt */,
				3DA045D322AC89D500BC2E7F /* VCTableViewCell.swift */,
				3DBEAB5622AF05220092BE1A /* crop-circle.png */,
				3DA045D522AC8BD400BC2E7F /* izmir-buyuksehir-belediyesi-vector-logo-small.png */,
				3DA045D722AC8F8000BC2E7F /* ist.jpg */,
				3DA045D922AC8FA800BC2E7F /* ank.jpg */,
				3DBEAB5A22AF0DC70092BE1A /* arrow.png */,
				C22743742428FB1F001B3CAD /* GoogleService-Info.plist */,
			);
			path = gezilecekYerler;
			sourceTree = "<group>";
		};
		4F4D5B1624BCA6BD3738B30D /* Frameworks */ = {
			isa = PBXGroup;
			children = (
				242A71FACEFF13522C4FE4C9 /* Pods_gezilecekYerler.framework */,
			);
			name = Frameworks;
			sourceTree = "<group>";
		};
		9AEA6DEA3F5E8FF734094AB1 /* Pods */ = {
			isa = PBXGroup;
			children = (
				9B10132A3BDC3EB694934FFD /* Pods-gezilecekYerler.debug.xcconfig */,
				B3AE6C63403B07C404344221 /* Pods-gezilecekYerler.release.xcconfig */,
			);
			name = Pods;
			path = Pods;
			sourceTree = "<group>";
		};
/* End PBXGroup section */

/* Begin PBXNativeTarget section */
		3D5E403122A58AEB0005CAA6 /* gezilecekYerler */ = {
			isa = PBXNativeTarget;
			buildConfigurationList = 3D5E404422A58AED0005CAA6 /* Build configuration list for PBXNativeTarget "gezilecekYerler" */;
			buildPhases = (
				99D47D864CFBCFD9D03AF249 /* [CP] Check Pods Manifest.lock */,
				3D5E402E22A58AEB0005CAA6 /* Sources */,
				3D5E402F22A58AEB0005CAA6 /* Frameworks */,
				3D5E403022A58AEB0005CAA6 /* Resources */,
				B52BFA3E2A33BD8F4CC8E099 /* [CP] Embed Pods Frameworks */,
			);
			buildRules = (
			);
			dependencies = (
			);
			name = gezilecekYerler;
			productName = gezilecekYerler;
			productReference = 3D5E403222A58AEB0005CAA6 /* gezilecekYerler.app */;
			productType = "com.apple.product-type.application";
		};
/* End PBXNativeTarget section */

/* Begin PBXProject section */
		3D5E402A22A58AEB0005CAA6 /* Project object */ = {
			isa = PBXProject;
			attributes = {
				LastSwiftUpdateCheck = 1020;
				LastUpgradeCheck = 1020;
				ORGANIZATIONNAME = trihay;
				TargetAttributes = {
					3D5E403122A58AEB0005CAA6 = {
						CreatedOnToolsVersion = 10.2.1;
					};
				};
			};
			buildConfigurationList = 3D5E402D22A58AEB0005CAA6 /* Build configuration list for PBXProject "gezilecekYerler" */;
			compatibilityVersion = "Xcode 9.3";
			developmentRegion = en;
			hasScannedForEncodings = 0;
			knownRegions = (
				en,
				Base,
			);
			mainGroup = 3D5E402922A58AEB0005CAA6;
			productRefGroup = 3D5E403322A58AEB0005CAA6 /* Products */;
			projectDirPath = "";
			projectRoot = "";
			targets = (
				3D5E403122A58AEB0005CAA6 /* gezilecekYerler */,
			);
		};
/* End PBXProject section */

/* Begin PBXResourcesBuildPhase section */
		3D5E403022A58AEB0005CAA6 /* Resources */ = {
			isa = PBXResourcesBuildPhase;
			buildActionMask = 2147483647;
			files = (
				3D2FCD2822A8542B00ACA7C3 /* sehirler.txt in Resources */,
				3DBEAB5B22AF0DC80092BE1A /* arrow.png in Resources */,
				3DBF546E22A7FA8700C3E4C3 /* konak.jpg in Resources */,
				3DBEAB5522AEE0430092BE1A /* swipeFav.png in Resources */,
				3D2FCD2C22A8566E00ACA7C3 /* aciklamalar.txt in Resources */,
				3DBF546622A7F93F00C3E4C3 /* sultanahmet.jpg in Resources */,
				3DBF546422A7F90300C3E4C3 /* ayasofya.jpg in Resources */,
				3DBF547022A7FF0500C3E4C3 /* kemeralti.jpg in Resources */,
				3DA045D622AC8BD400BC2E7F /* izmir-buyuksehir-belediyesi-vector-logo-small.png in Resources */,
				3DA045DA22AC8FA800BC2E7F /* ank.jpg in Resources */,
				3D5E404022A58AED0005CAA6 /* LaunchScreen.storyboard in Resources */,
				3D2FCD3422A8610D00ACA7C3 /* topBanner.png in Resources */,
				3DBF546A22A7FA4300C3E4C3 /* alsancak.jpg in Resources */,
				3D2FCD3622A8632C00ACA7C3 /* bottomBanner.png in Resources */,
				3DBF546822A7F97F00C3E4C3 /* topkapi.jpg in Resources */,
				3DA045D822AC8F8000BC2E7F /* ist.jpg in Resources */,
				3D5E403D22A58AED0005CAA6 /* Assets.xcassets in Resources */,
				3D5E403B22A58AEB0005CAA6 /* Main.storyboard in Resources */,
				3D2FCD2A22A854B900ACA7C3 /* izmirGezilecekYerler.txt in Resources */,
				3DBEAB5722AF05230092BE1A /* crop-circle.png in Resources */,
				C22743752428FB1F001B3CAD /* GoogleService-Info.plist in Resources */,
			);
			runOnlyForDeploymentPostprocessing = 0;
		};
/* End PBXResourcesBuildPhase section */

/* Begin PBXShellScriptBuildPhase section */
		99D47D864CFBCFD9D03AF249 /* [CP] Check Pods Manifest.lock */ = {
			isa = PBXShellScriptBuildPhase;
			buildActionMask = 2147483647;
			files = (
			);
			inputFileListPaths = (
			);
			inputPaths = (
				"${PODS_PODFILE_DIR_PATH}/Podfile.lock",
				"${PODS_ROOT}/Manifest.lock",
			);
			name = "[CP] Check Pods Manifest.lock";
			outputFileListPaths = (
			);
			outputPaths = (
				"$(DERIVED_FILE_DIR)/Pods-gezilecekYerler-checkManifestLockResult.txt",
			);
			runOnlyForDeploymentPostprocessing = 0;
			shellPath = /bin/sh;
			shellScript = "diff \"${PODS_PODFILE_DIR_PATH}/Podfile.lock\" \"${PODS_ROOT}/Manifest.lock\" > /dev/null\nif [ $? != 0 ] ; then\n    # print error to STDERR\n    echo \"error: The sandbox is not in sync with the Podfile.lock. Run 'pod install' or update your CocoaPods installation.\" >&2\n    exit 1\nfi\n# This output is used by Xcode 'outputs' to avoid re-running this script phase.\necho \"SUCCESS\" > \"${SCRIPT_OUTPUT_FILE_0}\"\n";
			showEnvVarsInLog = 0;
		};
		B52BFA3E2A33BD8F4CC8E099 /* [CP] Embed Pods Frameworks */ = {
			isa = PBXShellScriptBuildPhase;
			buildActionMask = 2147483647;
			files = (
			);
			inputFileListPaths = (
				"${PODS_ROOT}/Target Support Files/Pods-gezilecekYerler/Pods-gezilecekYerler-frameworks-${CONFIGURATION}-input-files.xcfilelist",
			);
			name = "[CP] Embed Pods Frameworks";
			outputFileListPaths = (
				"${PODS_ROOT}/Target Support Files/Pods-gezilecekYerler/Pods-gezilecekYerler-frameworks-${CONFIGURATION}-output-files.xcfilelist",
			);
			runOnlyForDeploymentPostprocessing = 0;
			shellPath = /bin/sh;
			shellScript = "\"${PODS_ROOT}/Target Support Files/Pods-gezilecekYerler/Pods-gezilecekYerler-frameworks.sh\"\n";
			showEnvVarsInLog = 0;
		};
/* End PBXShellScriptBuildPhase section */

/* Begin PBXSourcesBuildPhase section */
		3D5E402E22A58AEB0005CAA6 /* Sources */ = {
			isa = PBXSourcesBuildPhase;
			buildActionMask = 2147483647;
			files = (
				3D5E404822A58E4F0005CAA6 /* GezilecekYerlerViewController.swift in Sources */,
				3D5E403822A58AEB0005CAA6 /* ViewController.swift in Sources */,
				3DA045D422AC89D500BC2E7F /* VCTableViewCell.swift in Sources */,
				3D5E403622A58AEB0005CAA6 /* AppDelegate.swift in Sources */,
				3DE6B73A22A5ECE500ED1807 /* tanitimViewController.swift in Sources */,
			);
			runOnlyForDeploymentPostprocessing = 0;
		};
/* End PBXSourcesBuildPhase section */

/* Begin PBXVariantGroup section */
		3D5E403922A58AEB0005CAA6 /* Main.storyboard */ = {
			isa = PBXVariantGroup;
			children = (
				3D5E403A22A58AEB0005CAA6 /* Base */,
			);
			name = Main.storyboard;
			sourceTree = "<group>";
		};
		3D5E403E22A58AED0005CAA6 /* LaunchScreen.storyboard */ = {
			isa = PBXVariantGroup;
			children = (
				3D5E403F22A58AED0005CAA6 /* Base */,
			);
			name = LaunchScreen.storyboard;
			sourceTree = "<group>";
		};
/* End PBXVariantGroup section */

/* Begin XCBuildConfiguration section */
		3D5E404222A58AED0005CAA6 /* Debug */ = {
			isa = XCBuildConfiguration;
			buildSettings = {
				ALWAYS_SEARCH_USER_PATHS = NO;
				CLANG_ANALYZER_NONNULL = YES;
				CLANG_ANALYZER_NUMBER_OBJECT_CONVERSION = YES_AGGRESSIVE;
				CLANG_CXX_LANGUAGE_STANDARD = "gnu++14";
				CLANG_CXX_LIBRARY = "libc++";
				CLANG_ENABLE_MODULES = YES;
				CLANG_ENABLE_OBJC_ARC = YES;
				CLANG_ENABLE_OBJC_WEAK = YES;
				CLANG_WARN_BLOCK_CAPTURE_AUTORELEASING = YES;
				CLANG_WARN_BOOL_CONVERSION = YES;
				CLANG_WARN_COMMA = YES;
				CLANG_WARN_CONSTANT_CONVERSION = YES;
				CLANG_WARN_DEPRECATED_OBJC_IMPLEMENTATIONS = YES;
				CLANG_WARN_DIRECT_OBJC_ISA_USAGE = YES_ERROR;
				CLANG_WARN_DOCUMENTATION_COMMENTS = YES;
				CLANG_WARN_EMPTY_BODY = YES;
				CLANG_WARN_ENUM_CONVERSION = YES;
				CLANG_WARN_INFINITE_RECURSION = YES;
				CLANG_WARN_INT_CONVERSION = YES;
				CLANG_WARN_NON_LITERAL_NULL_CONVERSION = YES;
				CLANG_WARN_OBJC_IMPLICIT_RETAIN_SELF = YES;
				CLANG_WARN_OBJC_LITERAL_CONVERSION = YES;
				CLANG_WARN_OBJC_ROOT_CLASS = YES_ERROR;
				CLANG_WARN_RANGE_LOOP_ANALYSIS = YES;
				CLANG_WARN_STRICT_PROTOTYPES = YES;
				CLANG_WARN_SUSPICIOUS_MOVE = YES;
				CLANG_WARN_UNGUARDED_AVAILABILITY = YES_AGGRESSIVE;
				CLANG_WARN_UNREACHABLE_CODE = YES;
				CLANG_WARN__DUPLICATE_METHOD_MATCH = YES;
				CODE_SIGN_IDENTITY = "iPhone Developer";
				COPY_PHASE_STRIP = NO;
				DEBUG_INFORMATION_FORMAT = dwarf;
				ENABLE_STRICT_OBJC_MSGSEND = YES;
				ENABLE_TESTABILITY = YES;
				GCC_C_LANGUAGE_STANDARD = gnu11;
				GCC_DYNAMIC_NO_PIC = NO;
				GCC_NO_COMMON_BLOCKS = YES;
				GCC_OPTIMIZATION_LEVEL = 0;
				GCC_PREPROCESSOR_DEFINITIONS = (
					"DEBUG=1",
					"$(inherited)",
				);
				GCC_WARN_64_TO_32_BIT_CONVERSION = YES;
				GCC_WARN_ABOUT_RETURN_TYPE = YES_ERROR;
				GCC_WARN_UNDECLARED_SELECTOR = YES;
				GCC_WARN_UNINITIALIZED_AUTOS = YES_AGGRESSIVE;
				GCC_WARN_UNUSED_FUNCTION = YES;
				GCC_WARN_UNUSED_VARIABLE = YES;
				IPHONEOS_DEPLOYMENT_TARGET = 12.2;
				MTL_ENABLE_DEBUG_INFO = INCLUDE_SOURCE;
				MTL_FAST_MATH = YES;
				ONLY_ACTIVE_ARCH = YES;
				SDKROOT = iphoneos;
				SWIFT_ACTIVE_COMPILATION_CONDITIONS = DEBUG;
				SWIFT_OPTIMIZATION_LEVEL = "-Onone";
			};
			name = Debug;
		};
		3D5E404322A58AED0005CAA6 /* Release */ = {
			isa = XCBuildConfiguration;
			buildSettings = {
				ALWAYS_SEARCH_USER_PATHS = NO;
				CLANG_ANALYZER_NONNULL = YES;
				CLANG_ANALYZER_NUMBER_OBJECT_CONVERSION = YES_AGGRESSIVE;
				CLANG_CXX_LANGUAGE_STANDARD = "gnu++14";
				CLANG_CXX_LIBRARY = "libc++";
				CLANG_ENABLE_MODULES = YES;
				CLANG_ENABLE_OBJC_ARC = YES;
				CLANG_ENABLE_OBJC_WEAK = YES;
				CLANG_WARN_BLOCK_CAPTURE_AUTORELEASING = YES;
				CLANG_WARN_BOOL_CONVERSION = YES;
				CLANG_WARN_COMMA = YES;
				CLANG_WARN_CONSTANT_CONVERSION = YES;
				CLANG_WARN_DEPRECATED_OBJC_IMPLEMENTATIONS = YES;
				CLANG_WARN_DIRECT_OBJC_ISA_USAGE = YES_ERROR;
				CLANG_WARN_DOCUMENTATION_COMMENTS = YES;
				CLANG_WARN_EMPTY_BODY = YES;
				CLANG_WARN_ENUM_CONVERSION = YES;
				CLANG_WARN_INFINITE_RECURSION = YES;
				CLANG_WARN_INT_CONVERSION = YES;
				CLANG_WARN_NON_LITERAL_NULL_CONVERSION = YES;
				CLANG_WARN_OBJC_IMPLICIT_RETAIN_SELF = YES;
				CLANG_WARN_OBJC_LITERAL_CONVERSION = YES;
				CLANG_WARN_OBJC_ROOT_CLASS = YES_ERROR;
				CLANG_WARN_RANGE_LOOP_ANALYSIS = YES;
				CLANG_WARN_STRICT_PROTOTYPES = YES;
				CLANG_WARN_SUSPICIOUS_MOVE = YES;
				CLANG_WARN_UNGUARDED_AVAILABILITY = YES_AGGRESSIVE;
				CLANG_WARN_UNREACHABLE_CODE = YES;
				CLANG_WARN__DUPLICATE_METHOD_MATCH = YES;
				CODE_SIGN_IDENTITY = "iPhone Developer";
				COPY_PHASE_STRIP = NO;
				DEBUG_INFORMATION_FORMAT = "dwarf-with-dsym";
				ENABLE_NS_ASSERTIONS = NO;
				ENABLE_STRICT_OBJC_MSGSEND = YES;
				GCC_C_LANGUAGE_STANDARD = gnu11;
				GCC_NO_COMMON_BLOCKS = YES;
				GCC_WARN_64_TO_32_BIT_CONVERSION = YES;
				GCC_WARN_ABOUT_RETURN_TYPE = YES_ERROR;
				GCC_WARN_UNDECLARED_SELECTOR = YES;
				GCC_WARN_UNINITIALIZED_AUTOS = YES_AGGRESSIVE;
				GCC_WARN_UNUSED_FUNCTION = YES;
				GCC_WARN_UNUSED_VARIABLE = YES;
				IPHONEOS_DEPLOYMENT_TARGET = 12.2;
				MTL_ENABLE_DEBUG_INFO = NO;
				MTL_FAST_MATH = YES;
				SDKROOT = iphoneos;
				SWIFT_COMPILATION_MODE = wholemodule;
				SWIFT_OPTIMIZATION_LEVEL = "-O";
				VALIDATE_PRODUCT = YES;
			};
			name = Release;
		};
		3D5E404522A58AED0005CAA6 /* Debug */ = {
			isa = XCBuildConfiguration;
			baseConfigurationReference = 9B10132A3BDC3EB694934FFD /* Pods-gezilecekYerler.debug.xcconfig */;
			buildSettings = {
				ASSETCATALOG_COMPILER_APPICON_NAME = AppIcon;
				CODE_SIGN_STYLE = Automatic;
				DEVELOPMENT_TEAM = XQ35A7B6NU;
				INFOPLIST_FILE = gezilecekYerler/Info.plist;
				LD_RUNPATH_SEARCH_PATHS = (
					"$(inherited)",
					"@executable_path/Frameworks",
				);
				PRODUCT_BUNDLE_IDENTIFIER = com.gezilecekYerler;
				PRODUCT_NAME = "$(TARGET_NAME)";
				SWIFT_VERSION = 5.0;
				TARGETED_DEVICE_FAMILY = "1,2";
			};
			name = Debug;
		};
		3D5E404622A58AED0005CAA6 /* Release */ = {
			isa = XCBuildConfiguration;
			baseConfigurationReference = B3AE6C63403B07C404344221 /* Pods-gezilecekYerler.release.xcconfig */;
			buildSettings = {
				ASSETCATALOG_COMPILER_APPICON_NAME = AppIcon;
				CODE_SIGN_STYLE = Automatic;
				DEVELOPMENT_TEAM = XQ35A7B6NU;
				INFOPLIST_FILE = gezilecekYerler/Info.plist;
				LD_RUNPATH_SEARCH_PATHS = (
					"$(inherited)",
					"@executable_path/Frameworks",
				);
				PRODUCT_BUNDLE_IDENTIFIER = com.gezilecekYerler;
				PRODUCT_NAME = "$(TARGET_NAME)";
				SWIFT_VERSION = 5.0;
				TARGETED_DEVICE_FAMILY = "1,2";
			};
			name = Release;
		};
/* End XCBuildConfiguration section */

/* Begin XCConfigurationList section */
		3D5E402D22A58AEB0005CAA6 /* Build configuration list for PBXProject "gezilecekYerler" */ = {
			isa = XCConfigurationList;
			buildConfigurations = (
				3D5E404222A58AED0005CAA6 /* Debug */,
				3D5E404322A58AED0005CAA6 /* Release */,
			);
			defaultConfigurationIsVisible = 0;
			defaultConfigurationName = Release;
		};
		3D5E404422A58AED0005CAA6 /* Build configuration list for PBXNativeTarget "gezilecekYerler" */ = {
			isa = XCConfigurationList;
			buildConfigurations = (
				3D5E404522A58AED0005CAA6 /* Debug */,
				3D5E404622A58AED0005CAA6 /* Release */,
			);
			defaultConfigurationIsVisible = 0;
			defaultConfigurationName = Release;
		};
/* End XCConfigurationList section */
	};
	rootObject = 3D5E402A22A58AEB0005CAA6 /* Project object */;
}
